{
  "originHash" : "8b10614cf910cd2e3c1da595215c060759b9bf5513dd32adad708860602d6dfc",
  "pins" : [
    {
      "identity" : "agorainfra_ios",
      "kind" : "remoteSourceControl",
      "location" : "https://github.com/AgoraIO/AgoraInfra_iOS.git",
      "state" : {
        "revision" : "1efd68dbd67bd464e35e799dd3779fa1c6a114c6",
        "version" : "1.3.9"
      }
    },
    {
      "identity" : "agoralite_ios",
      "kind" : "remoteSourceControl",
      "location" : "https://github.com/AgoraIO/AgoraLite_iOS.git",
      "state" : {
        "revision" : "59576b4a868f479c82bf4ee2c3562b4c519219da",
        "version" : "4.5.3"
      }
    },
    {
      "identity" : "fpbrecognition-spm",
      "kind" : "remoteSourceControl",
      "location" : "https://github.com/facephi-clienters/FPBRecognition-SPM.git",
      "state" : {
        "revision" : "208374b46a0592dda7f5d7882ec7f5b8fa75b1b5",
        "version" : "6.1.3"
      }
    },
    {
      "identity" : "fpbtokenizer-spm",
      "kind" : "remoteSourceControl",
      "location" : "https://github.com/facephi-clienters/FPBTokenizer-SPM.git",
      "state" : {
        "revision" : "722c8898bb92932cbd5bda3d89d615238bc5a87d",
        "version" : "4.0.4"
      }
    },
    {
      "identity" : "fphilicensemanager-spm",
      "kind" : "remoteSourceControl",
      "location" : "https://github.com/facephi-clienters/FPHILicenseManager-SPM.git",
      "state" : {
        "revision" : "0e064d1ab3a74081fd5fa7b06b532162a8c2c99c",
        "version" : "0.5.7"
      }
    },
    {
      "identity" : "fphirecognitionhelper-spm",
      "kind" : "remoteSourceControl",
      "location" : "https://github.com/facephi-clienters/FPHIRecognitionHelper-SPM.git",
      "state" : {
        "revision" : "34208055317b039381be7252b00351113db533f8",
        "version" : "6.1.9"
      }
    },
    {
      "identity" : "fphiselphiddocumentreader-spm",
      "kind" : "remoteSourceControl",
      "location" : "https://github.com/facephi-clienters/FPHISelphidDocumentReader-SPM.git",
      "state" : {
        "revision" : "339a830663c2905fb0f270d1e005ba132f0d658e",
        "version" : "3.3.10"
      }
    },
    {
      "identity" : "fphiselphiddocumentreaderbundle-spm",
      "kind" : "remoteSourceControl",
      "location" : "https://github.com/facephi-clienters/FPHISelphidDocumentReaderBundle-SPM.git",
      "state" : {
        "revision" : "ddd6384132bda772bd2b95d957ec761cba35412a",
        "version" : "3.3.10"
      }
    },
    {
      "identity" : "fphitrackingwidget-spm",
      "kind" : "remoteSourceControl",
      "location" : "https://github.com/facephi-clienters/FPHITrackingWidget-SPM.git",
      "state" : {
        "revision" : "cc9b7fb5675c10027d6bdd5a42c3aca26e1b9773",
        "version" : "1.4.9"
      }
    },
    {
      "identity" : "lottie-spm",
      "kind" : "remoteSourceControl",
      "location" : "https://github.com/airbnb/lottie-spm.git",
      "state" : {
        "revision" : "1d29eccc24cc8b75bff9f6804155112c0ffc9605",
        "version" : "4.4.3"
      }
    },
    {
      "identity" : "sdk-corepackage-spm",
      "kind" : "remoteSourceControl",
      "location" : "https://github.com/facephi-clienters/SDK-CorePackage-SPM.git",
      "state" : {
        "revision" : "12fe02e197c6ef434722a7fd21525f348898fd0f",
        "version" : "2.12.0"
      }
    },
    {
      "identity" : "sdk-licensecheckerpackage-spm",
      "kind" : "remoteSourceControl",
      "location" : "https://github.com/facephi-clienters/SDK-LicenseCheckerPackage-SPM.git",
      "state" : {
        "revision" : "41a4379787c12e63db613da5c8cb03fe7a48f8d8",
        "version" : "2.9.0"
      }
    },
    {
      "identity" : "sdk-sdkpackage-spm",
      "kind" : "remoteSourceControl",
      "location" : "https://github.com/facephi-clienters/SDK-SdkPackage-SPM.git",
      "state" : {
        "revision" : "b8f3b17e3491316a58d6ea63e892a45d50a18727",
        "version" : "2.12.0"
      }
    },
    {
      "identity" : "sdk-statuspackage-spm",
      "kind" : "remoteSourceControl",
      "location" : "https://github.com/facephi-clienters/SDK-StatusPackage-SPM.git",
      "state" : {
        "revision" : "fe7ed55cff28918033d8e5f0b61e4c8d376f7fed",
        "version" : "2.12.0"
      }
    },
    {
      "identity" : "sdk-tokenizepackage-spm",
      "kind" : "remoteSourceControl",
      "location" : "https://github.com/facephi-clienters/SDK-TokenizePackage-SPM.git",
      "state" : {
        "revision" : "5c4ef32bdafbed3af058063b41d83c9bf37b3b99",
        "version" : "2.12.0"
      }
    },
    {
      "identity" : "sdk-trackingpackage-spm",
      "kind" : "remoteSourceControl",
      "location" : "https://github.com/facephi-clienters/SDK-TrackingPackage-SPM.git",
      "state" : {
        "revision" : "788711f81adda7387f68da6574bd57f4c3854542",
        "version" : "2.12.0"
      }
    },
    {
      "identity" : "sdk-videoidpackage-spm",
      "kind" : "remoteSourceControl",
      "location" : "https://github.com/facephi-clienters/SDK-VideoIDPackage-SPM.git",
      "state" : {
        "revision" : "47a9f4f209485d01fc2b4c5c96683829866810dc",
        "version" : "2.12.0"
      }
    },
    {
      "identity" : "starscream",
      "kind" : "remoteSourceControl",
      "location" : "https://github.com/daltoniam/Starscream.git",
      "state" : {
        "revision" : "c6bfd1af48efcc9a9ad203665db12375ba6b145a",
        "version" : "4.0.8"
      }
    }
  ],
  "version" : 3
}
