{
  "originHash": "5868b9baae2f7900ab5dbf8cf8dba853f2bbc21665b34b44c8c8ecb4ff0d70ba",
  "pins": [
    {
      "identity": "agorainfra_ios",
      "kind": "remoteSourceControl",
      "location": "https://github.com/AgoraIO/AgoraInfra_iOS.git",
      "state": {
        "revision": "1efd68dbd67bd464e35e799dd3779fa1c6a114c6",
        "version": "1.3.9"
      }
    },
    {
      "identity": "agoralite_ios",
      "kind": "remoteSourceControl",
      "location": "https://github.com/AgoraIO/AgoraLite_iOS.git",
      "state": {
        "revision": "59576b4a868f479c82bf4ee2c3562b4c519219da",
        "version": "4.5.3"
      }
    },
    {
      "identity": "fpbrecognition-spm",
      "kind": "remoteSourceControl",
      "location": "https://github.com/facephi-clienters/FPBRecognition-SPM.git",
      "state": {
        "revision": "208374b46a0592dda7f5d7882ec7f5b8fa75b1b5",
        "version": "6.1.3"
      }
    },
    {
      "identity": "fpbtokenizer-spm",
      "kind": "remoteSourceControl",
      "location": "https://github.com/facephi-clienters/FPBTokenizer-SPM.git",
      "state": {
        "revision": "722c8898bb92932cbd5bda3d89d615238bc5a87d",
        "version": "4.0.4"
      }
    },
    {
      "identity": "fphicapturewidget-spm",
      "kind": "remoteSourceControl",
      "location": "https://github.com/facephi-clienters/FPHICaptureWidget-SPM.git",
      "state": {
        "revision": "6a36a4297634b89714b9e929948fe791e6d4b401",
        "version": "1.4.3"
      }
    },
    {
      "identity": "fphidisclaimerwidget-spm",
      "kind": "remoteSourceControl",
      "location": "https://github.com/facephi-clienters/FPHIDisclaimerWidget-SPM.git",
      "state": {
        "revision": "388b83674778a397dfad49f7333ec0aa11bbaa38",
        "version": "0.2.0"
      }
    },
    {
      "identity": "fphilicensemanager-spm",
      "kind": "remoteSourceControl",
      "location": "https://github.com/facephi-clienters/FPHILicenseManager-SPM.git",
      "state": {
        "revision": "0e064d1ab3a74081fd5fa7b06b532162a8c2c99c",
        "version": "0.5.7"
      }
    },
    {
      "identity": "fphimbwidgetios-framework",
      "kind": "remoteSourceControl",
      "location": "https://github.com/facephi-clienters/FPhiMBWidgetiOS-framework.git",
      "state": {
        "revision": "c9e6f9e6e7f60e286d3f39e17d27b73bca5be3d0",
        "version": "6.13.1"
      }
    },
    {
      "identity": "fphirecognitionhelper-spm",
      "kind": "remoteSourceControl",
      "location": "https://github.com/facephi-clienters/FPHIRecognitionHelper-SPM.git",
      "state": {
        "revision": "38a1cb3e6410179ccbaa07e22f518bfdc7457bb2",
        "version": "6.1.6"
      }
    },
    {
      "identity": "fphiselphiddocumentreader-spm",
      "kind": "remoteSourceControl",
      "location": "https://github.com/facephi-clienters/FPHISelphidDocumentReader-SPM.git",
      "state": {
        "revision": "339a830663c2905fb0f270d1e005ba132f0d658e",
        "version": "3.3.10"
      }
    },
    {
      "identity": "fphiselphiddocumentreaderbundle-spm",
      "kind": "remoteSourceControl",
      "location": "https://github.com/facephi-clienters/FPHISelphidDocumentReaderBundle-SPM.git",
      "state": {
        "revision": "ddd6384132bda772bd2b95d957ec761cba35412a",
        "version": "3.3.10"
      }
    },
    {
      "identity": "fphitrackingwidget-spm",
      "kind": "remoteSourceControl",
      "location": "https://github.com/facephi-clienters/FPHITrackingWidget-SPM.git",
      "state": {
        "revision": "cc9b7fb5675c10027d6bdd5a42c3aca26e1b9773",
        "version": "1.4.9"
      }
    },
    {
      "identity": "lottie-spm",
      "kind": "remoteSourceControl",
      "location": "https://github.com/airbnb/lottie-spm.git",
      "state": {
        "revision": "1d29eccc24cc8b75bff9f6804155112c0ffc9605",
        "version": "4.4.3"
      }
    },
    {
      "identity": "openssl",
      "kind": "remoteSourceControl",
      "location": "https://github.com/krzyzanowskim/OpenSSL.git",
      "state": {
        "revision": "8cb1d641ab5ebce2cd7cf31c93baef07bed672d4",
        "version": "1.1.2301"
      }
    },
    {
      "identity": "sdk-capturepackage-spm",
      "kind": "remoteSourceControl",
      "location": "https://github.com/facephi-clienters/SDK-CapturePackage-SPM.git",
      "state": {
        "revision": "56c093b607bc78d28563008dfd4927c8c49c4276",
        "version": "2.11.0"
      }
    },
    {
      "identity": "sdk-corepackage-spm",
      "kind": "remoteSourceControl",
      "location": "https://github.com/facephi-clienters/SDK-CorePackage-SPM.git",
      "state": {
        "revision": "a1091abe67127997f8279d1373103f32344e24de",
        "version": "2.11.0"
      }
    },
    {
      "identity": "sdk-fphidesignsystemresources-spm",
      "kind": "remoteSourceControl",
      "location": "https://github.com/facephi-clienters/SDK-FPHIDesignSystemResources-SPM.git",
      "state": {
        "revision": "9b08c11999ba11589b812c0184f8c21db313db89",
        "version": "2.8.0"
      }
    },
    {
      "identity": "sdk-licensecheckerpackage-spm",
      "kind": "remoteSourceControl",
      "location": "https://github.com/facephi-clienters/SDK-LicenseCheckerPackage-SPM.git",
      "state": {
        "revision": "41a4379787c12e63db613da5c8cb03fe7a48f8d8",
        "version": "2.9.0"
      }
    },
    {
      "identity": "sdk-nfc_component-spm",
      "kind": "remoteSourceControl",
      "location": "https://github.com/facephi-clienters/SDK-NFC_component-SPM.git",
      "state": {
        "revision": "879cc22b287d6fe4b37da1c9da6a66b40dc90781",
        "version": "2.18.0"
      }
    },
    {
      "identity": "sdk-sdkpackage-spm",
      "kind": "remoteSourceControl",
      "location": "https://github.com/facephi-clienters/SDK-SdkPackage-SPM.git",
      "state": {
        "revision": "0b172e3c96420ad92622ad26101dae78eeab5663",
        "version": "2.11.0"
      }
    },
    {
      "identity": "sdk-selphi_component-spm",
      "kind": "remoteSourceControl",
      "location": "https://github.com/facephi-clienters/SDK-Selphi_component-SPM.git",
      "state": {
        "revision": "9955c5299067d2b480fd6c5a34eb44928c38cb29",
        "version": "2.11.0"
      }
    },
    {
      "identity": "sdk-selphidmbsdrcomponent-spm",
      "kind": "remoteSourceControl",
      "location": "https://github.com/facephi-clienters/SDK-SelphidMBSDRComponent-SPM.git",
      "state": {
        "revision": "da106fa6e7e0c0359812c149f7a5edf606a25545",
        "version": "2.11.0"
      }
    },
    {
      "identity": "sdk-statuspackage-spm",
      "kind": "remoteSourceControl",
      "location": "https://github.com/facephi-clienters/SDK-StatusPackage-SPM.git",
      "state": {
        "revision": "cb6798184d5e560df003a0f91e6a53f2897c8609",
        "version": "2.11.0"
      }
    },
    {
      "identity": "sdk-termsconditionscomponent-spm",
      "kind": "remoteSourceControl",
      "location": "https://github.com/facephi-clienters/SDK-TermsConditionsComponent-SPM.git",
      "state": {
        "revision": "f22972afafd4bbd45a13e79f8977c9af7da59bc8",
        "version": "2.11.0"
      }
    },
    {
      "identity": "sdk-tokenizepackage-spm",
      "kind": "remoteSourceControl",
      "location": "https://github.com/facephi-clienters/SDK-TokenizePackage-SPM.git",
      "state": {
        "revision": "1731a1cffff3fc79a7a7a65b034ca40f0cd44dc3",
        "version": "2.11.0"
      }
    },
    {
      "identity": "sdk-trackingpackage-spm",
      "kind": "remoteSourceControl",
      "location": "https://github.com/facephi-clienters/SDK-TrackingPackage-SPM.git",
      "state": {
        "revision": "acc07d213a568a22ff4f2b1fb8d085de177385d8",
        "version": "2.11.0"
      }
    },
    {
      "identity": "sdk-videocallpackage-spm",
      "kind": "remoteSourceControl",
      "location": "https://github.com/facephi-clienters/SDK-VideoCallPackage-SPM.git",
      "state": {
        "revision": "6d8ac61392150e9fdbaf60830114a77a41dd17d6",
        "version": "2.11.0"
      }
    },
    {
      "identity": "sdk-videoidpackage-spm",
      "kind": "remoteSourceControl",
      "location": "https://github.com/facephi-clienters/SDK-VideoIDPackage-SPM.git",
      "state": {
        "revision": "205909e1edc3002a158c1f212bcfe8875821e0bd",
        "version": "2.11.0"
      }
    },
    {
      "identity": "sdk-videorecording-spm",
      "kind": "remoteSourceControl",
      "location": "https://github.com/facephi-clienters/SDK-VideoRecording-SPM.git",
      "state": {
        "revision": "e1aca50e1e42805e21260a0bda6a0fd1188b0b3b",
        "version": "2.11.0"
      }
    },
    {
      "identity": "sdk-voicepackage-spm",
      "kind": "remoteSourceControl",
      "location": "https://github.com/facephi-clienters/SDK-VoicePackage-SPM.git",
      "state": {
        "revision": "485d0dcf1fee53ef2d88bd4fbfdc4e3c380d8b30",
        "version": "2.11.0"
      }
    },
    {
      "identity": "sdk-zipzap-spm",
      "kind": "remoteSourceControl",
      "location": "https://github.com/facephi-clienters/SDK-ZipZap-SPM.git",
      "state": {
        "revision": "befd61f9e6f0f6c8011cdec3a16dcee302ffb0ad",
        "version": "1.0.0"
      }
    },
    {
      "identity": "selphi-spm",
      "kind": "remoteSourceControl",
      "location": "https://github.com/facephi-clienters/Selphi-SPM.git",
      "state": {
        "revision": "dfed7d9bb3ff34239997b49754da9b094533cb72",
        "version": "6.4.0"
      }
    },
    {
      "identity": "selphidmbsdr-framework-spm",
      "kind": "remoteSourceControl",
      "location": "https://github.com/facephi-clienters/selphidmbsdr-framework-SPM.git",
      "state": {
        "revision": "36b02182fec0b20998549904d13fdbbed937e7a6",
        "version": "1.41.4"
      }
    },
    {
      "identity": "starscream",
      "kind": "remoteSourceControl",
      "location": "https://github.com/daltoniam/Starscream.git",
      "state": {
        "revision": "c6bfd1af48efcc9a9ad203665db12375ba6b145a",
        "version": "4.0.8"
      }
    },
    {
      "identity": "voicesdk-spm",
      "kind": "remoteSourceControl",
      "location": "https://github.com/facephi-clienters/VoiceSDK-SPM.git",
      "state": {
        "revision": "b1f70a7d9d03a63ceef3d2d68e916deebf60afaf",
        "version": "5.3.2"
      }
    }
  ],
  "version": 3
}
