PODS:
  - AgoraRtcEngine_iOS (3.7.2):
    - AgoraRtcEngine_iOS/AINS (= 3.7.2)
    - AgoraRtcEngine_iOS/AV1Dec (= 3.7.2)
    - AgoraRtcEngine_iOS/ContentInspect (= 3.7.2)
    - AgoraRtcEngine_iOS/FullAudioFormat (= 3.7.2)
    - AgoraRtcEngine_iOS/ReplayKit (= 3.7.2)
    - AgoraRtcEngine_iOS/ROIEnc (= 3.7.2)
    - AgoraRtcEngine_iOS/RtcBasic (= 3.7.2)
    - AgoraRtcEngine_iOS/SpatialAudio (= 3.7.2)
    - AgoraRtcEngine_iOS/SuperResolution (= 3.7.2)
    - AgoraRtcEngine_iOS/VideoPreprocess (= 3.7.2)
    - AgoraRtcEngine_iOS/VirtualBackground (= 3.7.2)
  - AgoraRtcEngine_iOS/AINS (3.7.2)
  - AgoraRtcEngine_iOS/AV1Dec (3.7.2)
  - AgoraRtcEngine_iOS/ContentInspect (3.7.2)
  - AgoraRtcEngine_iOS/FullAudioFormat (3.7.2)
  - AgoraRtcEngine_iOS/ReplayKit (3.7.2)
  - AgoraRtcEngine_iOS/ROIEnc (3.7.2)
  - AgoraRtcEngine_iOS/RtcBasic (3.7.2)
  - AgoraRtcEngine_iOS/SpatialAudio (3.7.2)
  - AgoraRtcEngine_iOS/SuperResolution (3.7.2)
  - AgoraRtcEngine_iOS/VideoPreprocess (3.7.2)
  - AgoraRtcEngine_iOS/VirtualBackground (3.7.2)
  - FPBTokenizer (1.1.0)
  - FPHIBehaviorSDK (6.13.2)
  - FPHICORElicensingLite (1.1.0)
  - FPHILottieSDKFramework (4.4.0)
  - FPHISDKBehaviorComponent (1.4.1):
    - FPHIBehaviorSDK (= 6.13.2)
    - FPHISDKCoreComponent (~> 1.4.5)
  - FPHISDKCoreComponent (1.4.5):
    - FPHISDKLicenseCheckerComponent (~> 1.4.0)
  - FPHISDKLicenseCheckerComponent (1.4.0):
    - FPHICORElicensingLite (~> 1.1.0)
  - FPHISDKLicensingComponent (1.4.1):
    - FPHISDKCoreComponent (~> 1.4.5)
  - FPHISDKMainComponent (1.4.4):
    - FPHISDKCoreComponent (~> 1.4.5)
    - FPHISDKLicensingComponent (~> 1.4.1)
  - FPHISDKTokenizeComponent (1.4.2):
    - FPBTokenizer (~> 1.1.0)
    - FPHISDKCoreComponent (~> 1.4.5)
  - FPHISDKTrackingComponent (1.4.3):
    - FPHISDKCoreComponent (~> 1.4.5)
  - FPHISDKVideoCallComponent (1.4.8):
    - AgoraRtcEngine_iOS (~> 3.7.1)
    - FPHILottieSDKFramework (~> 4.0)
    - FPHISDKCoreComponent (~> 1.4.5)
    - Starscream (= 4.0.6)
  - IQKeyboardManagerSwift (7.0.2)
  - Starscream (4.0.6)
  - SwiftLint (0.54.0)

DEPENDENCIES:
  - FPHISDKBehaviorComponent (~> 1.4.1)
  - FPHISDKCoreComponent (~> 1.4.0)
  - FPHISDKLicenseCheckerComponent (~> 1.4.0)
  - FPHISDKLicensingComponent (~> 1.4.0)
  - FPHISDKMainComponent (~> 1.4.0)
  - FPHISDKTokenizeComponent (~> 1.4.2)
  - FPHISDKTrackingComponent (~> 1.4.0)
  - FPHISDKVideoCallComponent (~> 1.4.0)
  - IQKeyboardManagerSwift
  - SwiftLint

SPEC REPOS:
  https://facephicorp.jfrog.io/artifactory/api/pods/cocoa-dev-fphi:
    - FPBTokenizer
    - FPHIBehaviorSDK
    - FPHICORElicensingLite
    - FPHILottieSDKFramework
    - FPHISDKBehaviorComponent
    - FPHISDKCoreComponent
    - FPHISDKLicenseCheckerComponent
    - FPHISDKLicensingComponent
    - FPHISDKMainComponent
    - FPHISDKTokenizeComponent
    - FPHISDKTrackingComponent
    - FPHISDKVideoCallComponent
  trunk:
    - AgoraRtcEngine_iOS
    - IQKeyboardManagerSwift
    - Starscream
    - SwiftLint

SPEC CHECKSUMS:
  AgoraRtcEngine_iOS: 35387cd8e2131e1e3c3ac6c196818072ad0b9b75
  FPBTokenizer: 827b7e0f110cba2ed1b217889c565a69af20d787
  FPHIBehaviorSDK: 43c2ed570278618539b784edab7cabcb25336561
  FPHICORElicensingLite: 3016033a7c30e44d795703db291f16f994772f24
  FPHILottieSDKFramework: fc10f5752a3c650a659c075d8c9e42aff0c35bc4
  FPHISDKBehaviorComponent: cb1f2d2e82b5713d8c13fca8616a306c6f490653
  FPHISDKCoreComponent: afbb57b4ba70c555567ec14c3bfe5bfc54b4d8b5
  FPHISDKLicenseCheckerComponent: 4c60700e8eb22fee0841c34aa6731504de065369
  FPHISDKLicensingComponent: 26b616a9f126620dd245f69e440743acfe80cb8f
  FPHISDKMainComponent: d40a93930a6dff51fa99416c011790d98147c48f
  FPHISDKTokenizeComponent: 3dc9edc82aa26ae62e43dbdbf01c1b368a7bb7be
  FPHISDKTrackingComponent: 1755e74c6477961d7684d0bf7739cb1997c79a5a
  FPHISDKVideoCallComponent: 53f65aedbae892ca3274ab9bfc5f6629dcbc05e8
  IQKeyboardManagerSwift: d338c11a896e9f29603443700c4567e32f830c22
  Starscream: fb2c4510bebf908c62bd383bcf05e673720e91fd
  SwiftLint: c1de071d9d08c8aba837545f6254315bc900e211

PODFILE CHECKSUM: 6bf028df7fc19d1c223317878dc183f5f84736f1

COCOAPODS: 1.13.0
